
Microsoft Visual Studio Solution File, Format Version 12.00
# Visual Studio Version 16
VisualStudioVersion = 16.0.29519.87
MinimumVisualStudioVersion = 10.0.40219.1
Project("{FAE04EC0-301F-11D3-BF4B-00C04F79EFBC}") = "BasketballScoreboard_Client", "BasketballScoreboard_Client\BasketballScoreboard_Client.csproj", "{B6F1B85F-FCAC-4D49-B71A-F7F48D57EA1C}"
EndProject
Project("{FAE04EC0-301F-11D3-BF4B-00C04F79EFBC}") = "BasketballScoreboard_Server", "BasketballScoreboard_Server\BasketballScoreboard_Server.csproj", "{AC0300D1-5F25-4B51-AD5C-4165C0BEE76C}"
EndProject
Global
	GlobalSection(SolutionConfigurationPlatforms) = preSolution
		Debug|Any CPU = Debug|Any CPU
		Release|Any CPU = Release|Any CPU
	EndGlobalSection
	GlobalSection(ProjectConfigurationPlatforms) = postSolution
		{B6F1B85F-FCAC-4D49-B71A-F7F48D57EA1C}.Debug|Any CPU.ActiveCfg = Debug|Any CPU
		{B6F1B85F-FCAC-4D49-B71A-F7F48D57EA1C}.Debug|Any CPU.Build.0 = Debug|Any CPU
		{B6F1B85F-FCAC-4D49-B71A-F7F48D57EA1C}.Release|Any CPU.ActiveCfg = Release|Any CPU
		{B6F1B85F-FCAC-4D49-B71A-F7F48D57EA1C}.Release|Any CPU.Build.0 = Release|Any CPU
		{AC0300D1-5F25-4B51-AD5C-4165C0BEE76C}.Debug|Any CPU.ActiveCfg = Debug|Any CPU
		{AC0300D1-5F25-4B51-AD5C-4165C0BEE76C}.Debug|Any CPU.Build.0 = Debug|Any CPU
		{AC0300D1-5F25-4B51-AD5C-4165C0BEE76C}.Release|Any CPU.ActiveCfg = Release|Any CPU
		{AC0300D1-5F25-4B51-AD5C-4165C0BEE76C}.Release|Any CPU.Build.0 = Release|Any CPU
	EndGlobalSection
	GlobalSection(SolutionProperties) = preSolution
		HideSolutionNode = FALSE
	EndGlobalSection
	GlobalSection(ExtensibilityGlobals) = postSolution
		SolutionGuid = {E330AE10-197D-4623-8ECD-4CA901051FA3}
	EndGlobalSection
EndGlobal
